// !$*UTF8*$!
{
	archiveVersion = 1;
	classes = {
	};
	objectVersion = 56;
	objects = {

/* Begin PBXBuildFile section */
		930F85312A1C6BF900B629C0 /* SwiftUI_LifeCycleApp.swift in Sources */ = {isa = PBXBuildFile; fileRef = 930F85302A1C6BF900B629C0 /* SwiftUI_LifeCycleApp.swift */; };
		930F85332A1C6BF900B629C0 /* RootView.swift in Sources */ = {isa = PBXBuildFile; fileRef = 930F85322A1C6BF900B629C0 /* RootView.swift */; };
		930F85352A1C6BFA00B629C0 /* Assets.xcassets in Resources */ = {isa = PBXBuildFile; fileRef = 930F85342A1C6BFA00B629C0 /* Assets.xcassets */; };
		930F85382A1C6BFA00B629C0 /* Preview Assets.xcassets in Resources */ = {isa = PBXBuildFile; fileRef = 930F85372A1C6BFA00B629C0 /* Preview Assets.xcassets */; };
		930F853F2A1C709700B629C0 /* TodoListPresenter.swift in Sources */ = {isa = PBXBuildFile; fileRef = 930F853E2A1C709700B629C0 /* TodoListPresenter.swift */; };
		930F85412A1CFED300B629C0 /* TodoListInteractor.swift in Sources */ = {isa = PBXBuildFile; fileRef = 930F85402A1CFED300B629C0 /* TodoListInteractor.swift */; };
		930F85432A1CFF1800B629C0 /* Entitys.swift in Sources */ = {isa = PBXBuildFile; fileRef = 930F85422A1CFF1800B629C0 /* Entitys.swift */; };
		930F85452A1DF33400B629C0 /* TodoListStateValue.swift in Sources */ = {isa = PBXBuildFile; fileRef = 930F85442A1DF33400B629C0 /* TodoListStateValue.swift */; };
		930F85472A1E1C2B00B629C0 /* TodoListView.swift in Sources */ = {isa = PBXBuildFile; fileRef = 930F85462A1E1C2B00B629C0 /* TodoListView.swift */; };
		930F85692A1F56AC00B629C0 /* DetailView.swift in Sources */ = {isa = PBXBuildFile; fileRef = 930F85682A1F56AC00B629C0 /* DetailView.swift */; };
		93ADE7232A28A87300EE1C36 /* TodoListPresenterProtocol.swift in Sources */ = {isa = PBXBuildFile; fileRef = 93ADE7222A28A87300EE1C36 /* TodoListPresenterProtocol.swift */; };
		93ADE7252A28A88900EE1C36 /* TodoListInteractorProtocol.swift in Sources */ = {isa = PBXBuildFile; fileRef = 93ADE7242A28A88900EE1C36 /* TodoListInteractorProtocol.swift */; };
		93CF27C72A2DA4BE009659F1 /* Screen1.swift in Sources */ = {isa = PBXBuildFile; fileRef = 93CF27C62A2DA4BE009659F1 /* Screen1.swift */; };
		93CF27C92A2DB945009659F1 /* NavigationModifier.swift in Sources */ = {isa = PBXBuildFile; fileRef = 93CF27C82A2DB945009659F1 /* NavigationModifier.swift */; };
		93CF27CB2A2F2292009659F1 /* Screen2.swift in Sources */ = {isa = PBXBuildFile; fileRef = 93CF27CA2A2F2292009659F1 /* Screen2.swift */; };
		93CF27CD2A2F229C009659F1 /* Screen3.swift in Sources */ = {isa = PBXBuildFile; fileRef = 93CF27CC2A2F229C009659F1 /* Screen3.swift */; };
		93CF27CF2A2F22A6009659F1 /* Screen4.swift in Sources */ = {isa = PBXBuildFile; fileRef = 93CF27CE2A2F22A6009659F1 /* Screen4.swift */; };
		93CF27D22A2F2304009659F1 /* Route.swift in Sources */ = {isa = PBXBuildFile; fileRef = 93CF27D12A2F2304009659F1 /* Route.swift */; };
		93CF27D42A2F23B5009659F1 /* ChildViews.swift in Sources */ = {isa = PBXBuildFile; fileRef = 93CF27D32A2F23B5009659F1 /* ChildViews.swift */; };
/* End PBXBuildFile section */

/* Begin PBXFileReference section */
		930F852D2A1C6BF900B629C0 /* SwiftUI-LifeCycle.app */ = {isa = PBXFileReference; explicitFileType = wrapper.application; includeInIndex = 0; path = "SwiftUI-LifeCycle.app"; sourceTree = BUILT_PRODUCTS_DIR; };
		930F85302A1C6BF900B629C0 /* SwiftUI_LifeCycleApp.swift */ = {isa = PBXFileReference; lastKnownFileType = sourcecode.swift; path = SwiftUI_LifeCycleApp.swift; sourceTree = "<group>"; };
		930F85322A1C6BF900B629C0 /* RootView.swift */ = {isa = PBXFileReference; lastKnownFileType = sourcecode.swift; path = RootView.swift; sourceTree = "<group>"; };
		930F85342A1C6BFA00B629C0 /* Assets.xcassets */ = {isa = PBXFileReference; lastKnownFileType = folder.assetcatalog; path = Assets.xcassets; sourceTree = "<group>"; };
		930F85372A1C6BFA00B629C0 /* Preview Assets.xcassets */ = {isa = PBXFileReference; lastKnownFileType = folder.assetcatalog; path = "Preview Assets.xcassets"; sourceTree = "<group>"; };
		930F853E2A1C709700B629C0 /* TodoListPresenter.swift */ = {isa = PBXFileReference; lastKnownFileType = sourcecode.swift; path = TodoListPresenter.swift; sourceTree = "<group>"; };
		930F85402A1CFED300B629C0 /* TodoListInteractor.swift */ = {isa = PBXFileReference; lastKnownFileType = sourcecode.swift; path = TodoListInteractor.swift; sourceTree = "<group>"; };
		930F85422A1CFF1800B629C0 /* Entitys.swift */ = {isa = PBXFileReference; lastKnownFileType = sourcecode.swift; path = Entitys.swift; sourceTree = "<group>"; };
		930F85442A1DF33400B629C0 /* TodoListStateValue.swift */ = {isa = PBXFileReference; lastKnownFileType = sourcecode.swift; path = TodoListStateValue.swift; sourceTree = "<group>"; };
		930F85462A1E1C2B00B629C0 /* TodoListView.swift */ = {isa = PBXFileReference; lastKnownFileType = sourcecode.swift; path = TodoListView.swift; sourceTree = "<group>"; };
		930F85682A1F56AC00B629C0 /* DetailView.swift */ = {isa = PBXFileReference; lastKnownFileType = sourcecode.swift; path = DetailView.swift; sourceTree = "<group>"; };
		93ADE7222A28A87300EE1C36 /* TodoListPresenterProtocol.swift */ = {isa = PBXFileReference; lastKnownFileType = sourcecode.swift; path = TodoListPresenterProtocol.swift; sourceTree = "<group>"; };
		93ADE7242A28A88900EE1C36 /* TodoListInteractorProtocol.swift */ = {isa = PBXFileReference; lastKnownFileType = sourcecode.swift; path = TodoListInteractorProtocol.swift; sourceTree = "<group>"; };
		93CF27C62A2DA4BE009659F1 /* Screen1.swift */ = {isa = PBXFileReference; lastKnownFileType = sourcecode.swift; path = Screen1.swift; sourceTree = "<group>"; };
		93CF27C82A2DB945009659F1 /* NavigationModifier.swift */ = {isa = PBXFileReference; lastKnownFileType = sourcecode.swift; path = NavigationModifier.swift; sourceTree = "<group>"; };
		93CF27CA2A2F2292009659F1 /* Screen2.swift */ = {isa = PBXFileReference; lastKnownFileType = sourcecode.swift; path = Screen2.swift; sourceTree = "<group>"; };
		93CF27CC2A2F229C009659F1 /* Screen3.swift */ = {isa = PBXFileReference; lastKnownFileType = sourcecode.swift; path = Screen3.swift; sourceTree = "<group>"; };
		93CF27CE2A2F22A6009659F1 /* Screen4.swift */ = {isa = PBXFileReference; lastKnownFileType = sourcecode.swift; path = Screen4.swift; sourceTree = "<group>"; };
		93CF27D12A2F2304009659F1 /* Route.swift */ = {isa = PBXFileReference; lastKnownFileType = sourcecode.swift; path = Route.swift; sourceTree = "<group>"; };
		93CF27D32A2F23B5009659F1 /* ChildViews.swift */ = {isa = PBXFileReference; lastKnownFileType = sourcecode.swift; path = ChildViews.swift; sourceTree = "<group>"; };
/* End PBXFileReference section */

/* Begin PBXFrameworksBuildPhase section */
		930F852A2A1C6BF900B629C0 /* Frameworks */ = {
			isa = PBXFrameworksBuildPhase;
			buildActionMask = 2147483647;
			files = (
			);
			runOnlyForDeploymentPostprocessing = 0;
		};
/* End PBXFrameworksBuildPhase section */

/* Begin PBXGroup section */
		930F85242A1C6BF900B629C0 = {
			isa = PBXGroup;
			children = (
				930F852F2A1C6BF900B629C0 /* SwiftUI-LifeCycle */,
				930F852E2A1C6BF900B629C0 /* Products */,
			);
			sourceTree = "<group>";
		};
		930F852E2A1C6BF900B629C0 /* Products */ = {
			isa = PBXGroup;
			children = (
				930F852D2A1C6BF900B629C0 /* SwiftUI-LifeCycle.app */,
			);
			name = Products;
			sourceTree = "<group>";
		};
		930F852F2A1C6BF900B629C0 /* SwiftUI-LifeCycle */ = {
			isa = PBXGroup;
			children = (
				930F85302A1C6BF900B629C0 /* SwiftUI_LifeCycleApp.swift */,
				930F85422A1CFF1800B629C0 /* Entitys.swift */,
				93CF27C82A2DB945009659F1 /* NavigationModifier.swift */,
				93CF27D12A2F2304009659F1 /* Route.swift */,
				93CF27D02A2F22E0009659F1 /* Screens */,
				93ADE7262A28AEAF00EE1C36 /* TodoList */,
				930F856A2A1F61A500B629C0 /* Detail */,
				930F85342A1C6BFA00B629C0 /* Assets.xcassets */,
				930F85362A1C6BFA00B629C0 /* Preview Content */,
			);
			path = "SwiftUI-LifeCycle";
			sourceTree = "<group>";
		};
		930F85362A1C6BFA00B629C0 /* Preview Content */ = {
			isa = PBXGroup;
			children = (
				930F85372A1C6BFA00B629C0 /* Preview Assets.xcassets */,
			);
			path = "Preview Content";
			sourceTree = "<group>";
		};
		930F856A2A1F61A500B629C0 /* Detail */ = {
			isa = PBXGroup;
			children = (
				930F85682A1F56AC00B629C0 /* DetailView.swift */,
			);
			path = Detail;
			sourceTree = "<group>";
		};
		93ADE7262A28AEAF00EE1C36 /* TodoList */ = {
			isa = PBXGroup;
			children = (
				93ADE7222A28A87300EE1C36 /* TodoListPresenterProtocol.swift */,
				930F853E2A1C709700B629C0 /* TodoListPresenter.swift */,
				93ADE7242A28A88900EE1C36 /* TodoListInteractorProtocol.swift */,
				930F85402A1CFED300B629C0 /* TodoListInteractor.swift */,
				930F85442A1DF33400B629C0 /* TodoListStateValue.swift */,
				930F85462A1E1C2B00B629C0 /* TodoListView.swift */,
			);
			path = TodoList;
			sourceTree = "<group>";
		};
		93CF27D02A2F22E0009659F1 /* Screens */ = {
			isa = PBXGroup;
			children = (
				930F85322A1C6BF900B629C0 /* RootView.swift */,
				93CF27C62A2DA4BE009659F1 /* Screen1.swift */,
				93CF27CA2A2F2292009659F1 /* Screen2.swift */,
				93CF27CC2A2F229C009659F1 /* Screen3.swift */,
				93CF27CE2A2F22A6009659F1 /* Screen4.swift */,
				93CF27D32A2F23B5009659F1 /* ChildViews.swift */,
			);
			path = Screens;
			sourceTree = "<group>";
		};
/* End PBXGroup section */

/* Begin PBXNativeTarget section */
		930F852C2A1C6BF900B629C0 /* SwiftUI-LifeCycle */ = {
			isa = PBXNativeTarget;
			buildConfigurationList = 930F853B2A1C6BFA00B629C0 /* Build configuration list for PBXNativeTarget "SwiftUI-LifeCycle" */;
			buildPhases = (
				930F85292A1C6BF900B629C0 /* Sources */,
				930F852A2A1C6BF900B629C0 /* Frameworks */,
				930F852B2A1C6BF900B629C0 /* Resources */,
			);
			buildRules = (
			);
			dependencies = (
			);
			name = "SwiftUI-LifeCycle";
			productName = "SwiftUI-LifeCycle";
			productReference = 930F852D2A1C6BF900B629C0 /* SwiftUI-LifeCycle.app */;
			productType = "com.apple.product-type.application";
		};
/* End PBXNativeTarget section */

/* Begin PBXProject section */
		930F85252A1C6BF900B629C0 /* Project object */ = {
			isa = PBXProject;
			attributes = {
				BuildIndependentTargetsInParallel = 1;
				LastSwiftUpdateCheck = 1430;
				LastUpgradeCheck = 1430;
				TargetAttributes = {
					930F852C2A1C6BF900B629C0 = {
						CreatedOnToolsVersion = 14.3;
					};
				};
			};
			buildConfigurationList = 930F85282A1C6BF900B629C0 /* Build configuration list for PBXProject "SwiftUI-LifeCycle" */;
			compatibilityVersion = "Xcode 14.0";
			developmentRegion = en;
			hasScannedForEncodings = 0;
			knownRegions = (
				en,
				Base,
			);
			mainGroup = 930F85242A1C6BF900B629C0;
			productRefGroup = 930F852E2A1C6BF900B629C0 /* Products */;
			projectDirPath = "";
			projectRoot = "";
			targets = (
				930F852C2A1C6BF900B629C0 /* SwiftUI-LifeCycle */,
			);
		};
/* End PBXProject section */

/* Begin PBXResourcesBuildPhase section */
		930F852B2A1C6BF900B629C0 /* Resources */ = {
			isa = PBXResourcesBuildPhase;
			buildActionMask = 2147483647;
			files = (
				930F85382A1C6BFA00B629C0 /* Preview Assets.xcassets in Resources */,
				930F85352A1C6BFA00B629C0 /* Assets.xcassets in Resources */,
			);
			runOnlyForDeploymentPostprocessing = 0;
		};
/* End PBXResourcesBuildPhase section */

/* Begin PBXSourcesBuildPhase section */
		930F85292A1C6BF900B629C0 /* Sources */ = {
			isa = PBXSourcesBuildPhase;
			buildActionMask = 2147483647;
			files = (
				930F85472A1E1C2B00B629C0 /* TodoListView.swift in Sources */,
				930F85332A1C6BF900B629C0 /* RootView.swift in Sources */,
				930F85432A1CFF1800B629C0 /* Entitys.swift in Sources */,
				930F85692A1F56AC00B629C0 /* DetailView.swift in Sources */,
				93CF27C72A2DA4BE009659F1 /* Screen1.swift in Sources */,
				93CF27D42A2F23B5009659F1 /* ChildViews.swift in Sources */,
				93ADE7252A28A88900EE1C36 /* TodoListInteractorProtocol.swift in Sources */,
				93CF27CD2A2F229C009659F1 /* Screen3.swift in Sources */,
				93ADE7232A28A87300EE1C36 /* TodoListPresenterProtocol.swift in Sources */,
				93CF27D22A2F2304009659F1 /* Route.swift in Sources */,
				930F85452A1DF33400B629C0 /* TodoListStateValue.swift in Sources */,
				930F85312A1C6BF900B629C0 /* SwiftUI_LifeCycleApp.swift in Sources */,
				93CF27CB2A2F2292009659F1 /* Screen2.swift in Sources */,
				93CF27CF2A2F22A6009659F1 /* Screen4.swift in Sources */,
				93CF27C92A2DB945009659F1 /* NavigationModifier.swift in Sources */,
				930F85412A1CFED300B629C0 /* TodoListInteractor.swift in Sources */,
				930F853F2A1C709700B629C0 /* TodoListPresenter.swift in Sources */,
			);
			runOnlyForDeploymentPostprocessing = 0;
		};
/* End PBXSourcesBuildPhase section */

/* Begin XCBuildConfiguration section */
		930F85392A1C6BFA00B629C0 /* Debug */ = {
			isa = XCBuildConfiguration;
			buildSettings = {
				ALWAYS_SEARCH_USER_PATHS = NO;
				CLANG_ANALYZER_NONNULL = YES;
				CLANG_ANALYZER_NUMBER_OBJECT_CONVERSION = YES_AGGRESSIVE;
				CLANG_CXX_LANGUAGE_STANDARD = "gnu++20";
				CLANG_ENABLE_MODULES = YES;
				CLANG_ENABLE_OBJC_ARC = YES;
				CLANG_ENABLE_OBJC_WEAK = YES;
				CLANG_WARN_BLOCK_CAPTURE_AUTORELEASING = YES;
				CLANG_WARN_BOOL_CONVERSION = YES;
				CLANG_WARN_COMMA = YES;
				CLANG_WARN_CONSTANT_CONVERSION = YES;
				CLANG_WARN_DEPRECATED_OBJC_IMPLEMENTATIONS = YES;
				CLANG_WARN_DIRECT_OBJC_ISA_USAGE = YES_ERROR;
				CLANG_WARN_DOCUMENTATION_COMMENTS = YES;
				CLANG_WARN_EMPTY_BODY = YES;
				CLANG_WARN_ENUM_CONVERSION = YES;
				CLANG_WARN_INFINITE_RECURSION = YES;
				CLANG_WARN_INT_CONVERSION = YES;
				CLANG_WARN_NON_LITERAL_NULL_CONVERSION = YES;
				CLANG_WARN_OBJC_IMPLICIT_RETAIN_SELF = YES;
				CLANG_WARN_OBJC_LITERAL_CONVERSION = YES;
				CLANG_WARN_OBJC_ROOT_CLASS = YES_ERROR;
				CLANG_WARN_QUOTED_INCLUDE_IN_FRAMEWORK_HEADER = YES;
				CLANG_WARN_RANGE_LOOP_ANALYSIS = YES;
				CLANG_WARN_STRICT_PROTOTYPES = YES;
				CLANG_WARN_SUSPICIOUS_MOVE = YES;
				CLANG_WARN_UNGUARDED_AVAILABILITY = YES_AGGRESSIVE;
				CLANG_WARN_UNREACHABLE_CODE = YES;
				CLANG_WARN__DUPLICATE_METHOD_MATCH = YES;
				COPY_PHASE_STRIP = NO;
				DEBUG_INFORMATION_FORMAT = dwarf;
				ENABLE_STRICT_OBJC_MSGSEND = YES;
				ENABLE_TESTABILITY = YES;
				GCC_C_LANGUAGE_STANDARD = gnu11;
				GCC_DYNAMIC_NO_PIC = NO;
				GCC_NO_COMMON_BLOCKS = YES;
				GCC_OPTIMIZATION_LEVEL = 0;
				GCC_PREPROCESSOR_DEFINITIONS = (
					"DEBUG=1",
					"$(inherited)",
				);
				GCC_WARN_64_TO_32_BIT_CONVERSION = YES;
				GCC_WARN_ABOUT_RETURN_TYPE = YES_ERROR;
				GCC_WARN_UNDECLARED_SELECTOR = YES;
				GCC_WARN_UNINITIALIZED_AUTOS = YES_AGGRESSIVE;
				GCC_WARN_UNUSED_FUNCTION = YES;
				GCC_WARN_UNUSED_VARIABLE = YES;
				IPHONEOS_DEPLOYMENT_TARGET = 16.4;
				MTL_ENABLE_DEBUG_INFO = INCLUDE_SOURCE;
				MTL_FAST_MATH = YES;
				ONLY_ACTIVE_ARCH = YES;
				SDKROOT = iphoneos;
				SWIFT_ACTIVE_COMPILATION_CONDITIONS = DEBUG;
				SWIFT_OPTIMIZATION_LEVEL = "-Onone";
			};
			name = Debug;
		};
		930F853A2A1C6BFA00B629C0 /* Release */ = {
			isa = XCBuildConfiguration;
			buildSettings = {
				ALWAYS_SEARCH_USER_PATHS = NO;
				CLANG_ANALYZER_NONNULL = YES;
				CLANG_ANALYZER_NUMBER_OBJECT_CONVERSION = YES_AGGRESSIVE;
				CLANG_CXX_LANGUAGE_STANDARD = "gnu++20";
				CLANG_ENABLE_MODULES = YES;
				CLANG_ENABLE_OBJC_ARC = YES;
				CLANG_ENABLE_OBJC_WEAK = YES;
				CLANG_WARN_BLOCK_CAPTURE_AUTORELEASING = YES;
				CLANG_WARN_BOOL_CONVERSION = YES;
				CLANG_WARN_COMMA = YES;
				CLANG_WARN_CONSTANT_CONVERSION = YES;
				CLANG_WARN_DEPRECATED_OBJC_IMPLEMENTATIONS = YES;
				CLANG_WARN_DIRECT_OBJC_ISA_USAGE = YES_ERROR;
				CLANG_WARN_DOCUMENTATION_COMMENTS = YES;
				CLANG_WARN_EMPTY_BODY = YES;
				CLANG_WARN_ENUM_CONVERSION = YES;
				CLANG_WARN_INFINITE_RECURSION = YES;
				CLANG_WARN_INT_CONVERSION = YES;
				CLANG_WARN_NON_LITERAL_NULL_CONVERSION = YES;
				CLANG_WARN_OBJC_IMPLICIT_RETAIN_SELF = YES;
				CLANG_WARN_OBJC_LITERAL_CONVERSION = YES;
				CLANG_WARN_OBJC_ROOT_CLASS = YES_ERROR;
				CLANG_WARN_QUOTED_INCLUDE_IN_FRAMEWORK_HEADER = YES;
				CLANG_WARN_RANGE_LOOP_ANALYSIS = YES;
				CLANG_WARN_STRICT_PROTOTYPES = YES;
				CLANG_WARN_SUSPICIOUS_MOVE = YES;
				CLANG_WARN_UNGUARDED_AVAILABILITY = YES_AGGRESSIVE;
				CLANG_WARN_UNREACHABLE_CODE = YES;
				CLANG_WARN__DUPLICATE_METHOD_MATCH = YES;
				COPY_PHASE_STRIP = NO;
				DEBUG_INFORMATION_FORMAT = "dwarf-with-dsym";
				ENABLE_NS_ASSERTIONS = NO;
				ENABLE_STRICT_OBJC_MSGSEND = YES;
				GCC_C_LANGUAGE_STANDARD = gnu11;
				GCC_NO_COMMON_BLOCKS = YES;
				GCC_WARN_64_TO_32_BIT_CONVERSION = YES;
				GCC_WARN_ABOUT_RETURN_TYPE = YES_ERROR;
				GCC_WARN_UNDECLARED_SELECTOR = YES;
				GCC_WARN_UNINITIALIZED_AUTOS = YES_AGGRESSIVE;
				GCC_WARN_UNUSED_FUNCTION = YES;
				GCC_WARN_UNUSED_VARIABLE = YES;
				IPHONEOS_DEPLOYMENT_TARGET = 16.4;
				MTL_ENABLE_DEBUG_INFO = NO;
				MTL_FAST_MATH = YES;
				SDKROOT = iphoneos;
				SWIFT_COMPILATION_MODE = wholemodule;
				SWIFT_OPTIMIZATION_LEVEL = "-O";
				VALIDATE_PRODUCT = YES;
			};
			name = Release;
		};
		930F853C2A1C6BFA00B629C0 /* Debug */ = {
			isa = XCBuildConfiguration;
			buildSettings = {
				ASSETCATALOG_COMPILER_APPICON_NAME = AppIcon;
				ASSETCATALOG_COMPILER_GLOBAL_ACCENT_COLOR_NAME = AccentColor;
				CODE_SIGN_STYLE = Automatic;
				CURRENT_PROJECT_VERSION = 1;
				DEVELOPMENT_ASSET_PATHS = "\"SwiftUI-LifeCycle/Preview Content\"";
				DEVELOPMENT_TEAM = 5739PN4PKT;
				ENABLE_PREVIEWS = YES;
				GENERATE_INFOPLIST_FILE = YES;
				INFOPLIST_KEY_UIApplicationSceneManifest_Generation = YES;
				INFOPLIST_KEY_UIApplicationSupportsIndirectInputEvents = YES;
				INFOPLIST_KEY_UILaunchScreen_Generation = YES;
				INFOPLIST_KEY_UISupportedInterfaceOrientations_iPad = "UIInterfaceOrientationPortrait UIInterfaceOrientationPortraitUpsideDown UIInterfaceOrientationLandscapeLeft UIInterfaceOrientationLandscapeRight";
				INFOPLIST_KEY_UISupportedInterfaceOrientations_iPhone = "UIInterfaceOrientationPortrait UIInterfaceOrientationLandscapeLeft UIInterfaceOrientationLandscapeRight";
				LD_RUNPATH_SEARCH_PATHS = (
					"$(inherited)",
					"@executable_path/Frameworks",
				);
				MARKETING_VERSION = 1.0;
				PRODUCT_BUNDLE_IDENTIFIER = "kojitorishima.SwiftUI-LifeCycle";
				PRODUCT_NAME = "$(TARGET_NAME)";
				SWIFT_EMIT_LOC_STRINGS = YES;
				SWIFT_VERSION = 5.0;
				TARGETED_DEVICE_FAMILY = "1,2";
			};
			name = Debug;
		};
		930F853D2A1C6BFA00B629C0 /* Release */ = {
			isa = XCBuildConfiguration;
			buildSettings = {
				ASSETCATALOG_COMPILER_APPICON_NAME = AppIcon;
				ASSETCATALOG_COMPILER_GLOBAL_ACCENT_COLOR_NAME = AccentColor;
				CODE_SIGN_STYLE = Automatic;
				CURRENT_PROJECT_VERSION = 1;
				DEVELOPMENT_ASSET_PATHS = "\"SwiftUI-LifeCycle/Preview Content\"";
				DEVELOPMENT_TEAM = 5739PN4PKT;
				ENABLE_PREVIEWS = YES;
				GENERATE_INFOPLIST_FILE = YES;
				INFOPLIST_KEY_UIApplicationSceneManifest_Generation = YES;
				INFOPLIST_KEY_UIApplicationSupportsIndirectInputEvents = YES;
				INFOPLIST_KEY_UILaunchScreen_Generation = YES;
				INFOPLIST_KEY_UISupportedInterfaceOrientations_iPad = "UIInterfaceOrientationPortrait UIInterfaceOrientationPortraitUpsideDown UIInterfaceOrientationLandscapeLeft UIInterfaceOrientationLandscapeRight";
				INFOPLIST_KEY_UISupportedInterfaceOrientations_iPhone = "UIInterfaceOrientationPortrait UIInterfaceOrientationLandscapeLeft UIInterfaceOrientationLandscapeRight";
				LD_RUNPATH_SEARCH_PATHS = (
					"$(inherited)",
					"@executable_path/Frameworks",
				);
				MARKETING_VERSION = 1.0;
				PRODUCT_BUNDLE_IDENTIFIER = "kojitorishima.SwiftUI-LifeCycle";
				PRODUCT_NAME = "$(TARGET_NAME)";
				SWIFT_EMIT_LOC_STRINGS = YES;
				SWIFT_VERSION = 5.0;
				TARGETED_DEVICE_FAMILY = "1,2";
			};
			name = Release;
		};
/* End XCBuildConfiguration section */

/* Begin XCConfigurationList section */
		930F85282A1C6BF900B629C0 /* Build configuration list for PBXProject "SwiftUI-LifeCycle" */ = {
			isa = XCConfigurationList;
			buildConfigurations = (
				930F85392A1C6BFA00B629C0 /* Debug */,
				930F853A2A1C6BFA00B629C0 /* Release */,
			);
			defaultConfigurationIsVisible = 0;
			defaultConfigurationName = Release;
		};
		930F853B2A1C6BFA00B629C0 /* Build configuration list for PBXNativeTarget "SwiftUI-LifeCycle" */ = {
			isa = XCConfigurationList;
			buildConfigurations = (
				930F853C2A1C6BFA00B629C0 /* Debug */,
				930F853D2A1C6BFA00B629C0 /* Release */,
			);
			defaultConfigurationIsVisible = 0;
			defaultConfigurationName = Release;
		};
/* End XCConfigurationList section */
	};
	rootObject = 930F85252A1C6BF900B629C0 /* Project object */;
}
